// !$*UTF8*$!
{
	archiveVersion = 1;
	classes = {
	};
	objectVersion = 77;
	objects = {

/* Begin PBXContainerItemProxy section */
		BC65FEF12F36F91900AD2F7D /* PBXContainerItemProxy */ = {
			isa = PBXContainerItemProxy;
			containerPortal = BC65FEDB2F36F91800AD2F7D /* Project object */;
			proxyType = 1;
			remoteGlobalIDString = BC65FEE22F36F91800AD2F7D;
			remoteInfo = Cribbot;
		};
		BC65FEFB2F36F91900AD2F7D /* PBXContainerItemProxy */ = {
			isa = PBXContainerItemProxy;
			containerPortal = BC65FEDB2F36F91800AD2F7D /* Project object */;
			proxyType = 1;
			remoteGlobalIDString = BC65FEE22F36F91800AD2F7D;
			remoteInfo = Cribbot;
		};
/* End PBXContainerItemProxy section */

/* Begin PBXFileReference section */
		BC65FEE32F36F91800AD2F7D /* Cribbot.app */ = {isa = PBXFileReference; explicitFileType = wrapper.application; includeInIndex = 0; path = Cribbot.app; sourceTree = BUILT_PRODUCTS_DIR; };
		BC65FEF02F36F91900AD2F7D /* CribbotTests.xctest */ = {isa = PBXFileReference; explicitFileType = wrapper.cfbundle; includeInIndex = 0; path = CribbotTests.xctest; sourceTree = BUILT_PRODUCTS_DIR; };
		BC65FEFA2F36F91900AD2F7D /* CribbotUITests.xctest */ = {isa = PBXFileReference; explicitFileType = wrapper.cfbundle; includeInIndex = 0; path = CribbotUITests.xctest; sourceTree = BUILT_PRODUCTS_DIR; };
/* End PBXFileReference section */

/* Begin PBXFileSystemSynchronizedRootGroup section */
		BC65FEE52F36F91800AD2F7D /* Cribbot */ = {
			isa = PBXFileSystemSynchronizedRootGroup;
			path = Cribbot;
			sourceTree = "<group>";
		};
		BC65FEF32F36F91900AD2F7D /* CribbotTests */ = {
			isa = PBXFileSystemSynchronizedRootGroup;
			path = CribbotTests;
			sourceTree = "<group>";
		};
		BC65FEFD2F36F91900AD2F7D /* CribbotUITests */ = {
			isa = PBXFileSystemSynchronizedRootGroup;
			path = CribbotUITests;
			sourceTree = "<group>";
		};
/* End PBXFileSystemSynchronizedRootGroup section */

/* Begin PBXFrameworksBuildPhase section */
		BC65FEE02F36F91800AD2F7D /* Frameworks */ = {
			isa = PBXFrameworksBuildPhase;
			buildActionMask = 2147483647;
			files = (
			);
			runOnlyForDeploymentPostprocessing = 0;
		};
		BC65FEED2F36F91900AD2F7D /* Frameworks */ = {
			isa = PBXFrameworksBuildPhase;
			buildActionMask = 2147483647;
			files = (
			);
			runOnlyForDeploymentPostprocessing = 0;
		};
		BC65FEF72F36F91900AD2F7D /* Frameworks */ = {
			isa = PBXFrameworksBuildPhase;
			buildActionMask = 2147483647;
			files = (
			);
			runOnlyForDeploymentPostprocessing = 0;
		};
/* End PBXFrameworksBuildPhase section */

/* Begin PBXGroup section */
		BC65FEDA2F36F91800AD2F7D = {
			isa = PBXGroup;
			children = (
				BC65FEE52F36F91800AD2F7D /* Cribbot */,
				BC65FEF32F36F91900AD2F7D /* CribbotTests */,
				BC65FEFD2F36F91900AD2F7D /* CribbotUITests */,
				BC65FEE42F36F91800AD2F7D /* Products */,
			);
			sourceTree = "<group>";
		};
		BC65FEE42F36F91800AD2F7D /* Products */ = {
			isa = PBXGroup;
			children = (
				BC65FEE32F36F91800AD2F7D /* Cribbot.app */,
				BC65FEF02F36F91900AD2F7D /* CribbotTests.xctest */,
				BC65FEFA2F36F91900AD2F7D /* CribbotUITests.xctest */,
			);
			name = Products;
			sourceTree = "<group>";
		};
/* End PBXGroup section */

/* Begin PBXNativeTarget section */
		BC65FEE22F36F91800AD2F7D /* Cribbot */ = {
			isa = PBXNativeTarget;
			buildConfigurationList = BC65FF042F36F91900AD2F7D /* Build configuration list for PBXNativeTarget "Cribbot" */;
			buildPhases = (
				BC65FEDF2F36F91800AD2F7D /* Sources */,
				BC65FEE02F36F91800AD2F7D /* Frameworks */,
				BC65FEE12F36F91800AD2F7D /* Resources */,
			);
			buildRules = (
			);
			dependencies = (
			);
			fileSystemSynchronizedGroups = (
				BC65FEE52F36F91800AD2F7D /* Cribbot */,
			);
			name = Cribbot;
			packageProductDependencies = (
			);
			productName = Cribbot;
			productReference = BC65FEE32F36F91800AD2F7D /* Cribbot.app */;
			productType = "com.apple.product-type.application";
		};
		BC65FEEF2F36F91900AD2F7D /* CribbotTests */ = {
			isa = PBXNativeTarget;
			buildConfigurationList = BC65FF072F36F91900AD2F7D /* Build configuration list for PBXNativeTarget "CribbotTests" */;
			buildPhases = (
				BC65FEEC2F36F91900AD2F7D /* Sources */,
				BC65FEED2F36F91900AD2F7D /* Frameworks */,
				BC65FEEE2F36F91900AD2F7D /* Resources */,
			);
			buildRules = (
			);
			dependencies = (
				BC65FEF22F36F91900AD2F7D /* PBXTargetDependency */,
			);
			fileSystemSynchronizedGroups = (
				BC65FEF32F36F91900AD2F7D /* CribbotTests */,
			);
			name = CribbotTests;
			packageProductDependencies = (
			);
			productName = CribbotTests;
			productReference = BC65FEF02F36F91900AD2F7D /* CribbotTests.xctest */;
			productType = "com.apple.product-type.bundle.unit-test";
		};
		BC65FEF92F36F91900AD2F7D /* CribbotUITests */ = {
			isa = PBXNativeTarget;
			buildConfigurationList = BC65FF0A2F36F91900AD2F7D /* Build configuration list for PBXNativeTarget "CribbotUITests" */;
			buildPhases = (
				BC65FEF62F36F91900AD2F7D /* Sources */,
				BC65FEF72F36F91900AD2F7D /* Frameworks */,
				BC65FEF82F36F91900AD2F7D /* Resources */,
			);
			buildRules = (
			);
			dependencies = (
				BC65FEFC2F36F91900AD2F7D /* PBXTargetDependency */,
			);
			fileSystemSynchronizedGroups = (
				BC65FEFD2F36F91900AD2F7D /* CribbotUITests */,
			);
			name = CribbotUITests;
			packageProductDependencies = (
			);
			productName = CribbotUITests;
			productReference = BC65FEFA2F36F91900AD2F7D /* CribbotUITests.xctest */;
			productType = "com.apple.product-type.bundle.ui-testing";
		};
/* End PBXNativeTarget section */

/* Begin PBXProject section */
		BC65FEDB2F36F91800AD2F7D /* Project object */ = {
			isa = PBXProject;
			attributes = {
				BuildIndependentTargetsInParallel = 1;
				LastSwiftUpdateCheck = 1640;
				LastUpgradeCheck = 1640;
				TargetAttributes = {
					BC65FEE22F36F91800AD2F7D = {
						CreatedOnToolsVersion = 16.4;
					};
					BC65FEEF2F36F91900AD2F7D = {
						CreatedOnToolsVersion = 16.4;
						TestTargetID = BC65FEE22F36F91800AD2F7D;
					};
					BC65FEF92F36F91900AD2F7D = {
						CreatedOnToolsVersion = 16.4;
						TestTargetID = BC65FEE22F36F91800AD2F7D;
					};
				};
			};
			buildConfigurationList = BC65FEDE2F36F91800AD2F7D /* Build configuration list for PBXProject "Cribbot" */;
			developmentRegion = en;
			hasScannedForEncodings = 0;
			knownRegions = (
				en,
				Base,
			);
			mainGroup = BC65FEDA2F36F91800AD2F7D;
			minimizedProjectReferenceProxies = 1;
			preferredProjectObjectVersion = 77;
			productRefGroup = BC65FEE42F36F91800AD2F7D /* Products */;
			projectDirPath = "";
			projectRoot = "";
			targets = (
				BC65FEE22F36F91800AD2F7D /* Cribbot */,
				BC65FEEF2F36F91900AD2F7D /* CribbotTests */,
				BC65FEF92F36F91900AD2F7D /* CribbotUITests */,
			);
		};
/* End PBXProject section */

/* Begin PBXResourcesBuildPhase section */
		BC65FEE12F36F91800AD2F7D /* Resources */ = {
			isa = PBXResourcesBuildPhase;
			buildActionMask = 2147483647;
			files = (
			);
			runOnlyForDeploymentPostprocessing = 0;
		};
		BC65FEEE2F36F91900AD2F7D /* Resources */ = {
			isa = PBXResourcesBuildPhase;
			buildActionMask = 2147483647;
			files = (
			);
			runOnlyForDeploymentPostprocessing = 0;
		};
		BC65FEF82F36F91900AD2F7D /* Resources */ = {
			isa = PBXResourcesBuildPhase;
			buildActionMask = 2147483647;
			files = (
			);
			runOnlyForDeploymentPostprocessing = 0;
		};
/* End PBXResourcesBuildPhase section */

/* Begin PBXSourcesBuildPhase section */
		BC65FEDF2F36F91800AD2F7D /* Sources */ = {
			isa = PBXSourcesBuildPhase;
			buildActionMask = 2147483647;
			files = (
			);
			runOnlyForDeploymentPostprocessing = 0;
		};
		BC65FEEC2F36F91900AD2F7D /* Sources */ = {
			isa = PBXSourcesBuildPhase;
			buildActionMask = 2147483647;
			files = (
			);
			runOnlyForDeploymentPostprocessing = 0;
		};
		BC65FEF62F36F91900AD2F7D /* Sources */ = {
			isa = PBXSourcesBuildPhase;
			buildActionMask = 2147483647;
			files = (
			);
			runOnlyForDeploymentPostprocessing = 0;
		};
/* End PBXSourcesBuildPhase section */

/* Begin PBXTargetDependency section */
		BC65FEF22F36F91900AD2F7D /* PBXTargetDependency */ = {
			isa = PBXTargetDependency;
			target = BC65FEE22F36F91800AD2F7D /* Cribbot */;
			targetProxy = BC65FEF12F36F91900AD2F7D /* PBXContainerItemProxy */;
		};
		BC65FEFC2F36F91900AD2F7D /* PBXTargetDependency */ = {
			isa = PBXTargetDependency;
			target = BC65FEE22F36F91800AD2F7D /* Cribbot */;
			targetProxy = BC65FEFB2F36F91900AD2F7D /* PBXContainerItemProxy */;
		};
/* End PBXTargetDependency section */

/* Begin XCBuildConfiguration section */
		BC65FF022F36F91900AD2F7D /* Debug */ = {
			isa = XCBuildConfiguration;
			buildSettings = {
				ALWAYS_SEARCH_USER_PATHS = NO;
				ASSETCATALOG_COMPILER_GENERATE_SWIFT_ASSET_SYMBOL_EXTENSIONS = YES;
				CLANG_ANALYZER_NONNULL = YES;
				CLANG_ANALYZER_NUMBER_OBJECT_CONVERSION = YES_AGGRESSIVE;
				CLANG_CXX_LANGUAGE_STANDARD = "gnu++20";
				CLANG_ENABLE_MODULES = YES;
				CLANG_ENABLE_OBJC_ARC = YES;
				CLANG_ENABLE_OBJC_WEAK = YES;
				CLANG_WARN_BLOCK_CAPTURE_AUTORELEASING = YES;
				CLANG_WARN_BOOL_CONVERSION = YES;
				CLANG_WARN_COMMA = YES;
				CLANG_WARN_CONSTANT_CONVERSION = YES;
				CLANG_WARN_DEPRECATED_OBJC_IMPLEMENTATIONS = YES;
				CLANG_WARN_DIRECT_OBJC_ISA_USAGE = YES_ERROR;
				CLANG_WARN_DOCUMENTATION_COMMENTS = YES;
				CLANG_WARN_EMPTY_BODY = YES;
				CLANG_WARN_ENUM_CONVERSION = YES;
				CLANG_WARN_INFINITE_RECURSION = YES;
				CLANG_WARN_INT_CONVERSION = YES;
				CLANG_WARN_NON_LITERAL_NULL_CONVERSION = YES;
				CLANG_WARN_OBJC_IMPLICIT_RETAIN_SELF = YES;
				CLANG_WARN_OBJC_LITERAL_CONVERSION = YES;
				CLANG_WARN_OBJC_ROOT_CLASS = YES_ERROR;
				CLANG_WARN_QUOTED_INCLUDE_IN_FRAMEWORK_HEADER = YES;
				CLANG_WARN_RANGE_LOOP_ANALYSIS = YES;
				CLANG_WARN_STRICT_PROTOTYPES = YES;
				CLANG_WARN_SUSPICIOUS_MOVE = YES;
				CLANG_WARN_UNGUARDED_AVAILABILITY = YES_AGGRESSIVE;
				CLANG_WARN_UNREACHABLE_CODE = YES;
				CLANG_WARN__DUPLICATE_METHOD_MATCH = YES;
				COPY_PHASE_STRIP = NO;
				DEBUG_INFORMATION_FORMAT = dwarf;
				ENABLE_STRICT_OBJC_MSGSEND = YES;
				ENABLE_TESTABILITY = YES;
				ENABLE_USER_SCRIPT_SANDBOXING = YES;
				GCC_C_LANGUAGE_STANDARD = gnu17;
				GCC_DYNAMIC_NO_PIC = NO;
				GCC_NO_COMMON_BLOCKS = YES;
				GCC_OPTIMIZATION_LEVEL = 0;
				GCC_PREPROCESSOR_DEFINITIONS = (
					"DEBUG=1",
					"$(inherited)",
				);
				GCC_WARN_64_TO_32_BIT_CONVERSION = YES;
				GCC_WARN_ABOUT_RETURN_TYPE = YES_ERROR;
				GCC_WARN_UNDECLARED_SELECTOR = YES;
				GCC_WARN_UNINITIALIZED_AUTOS = YES_AGGRESSIVE;
				GCC_WARN_UNUSED_FUNCTION = YES;
				GCC_WARN_UNUSED_VARIABLE = YES;
				IPHONEOS_DEPLOYMENT_TARGET = 18.5;
				LOCALIZATION_PREFERS_STRING_CATALOGS = YES;
				MTL_ENABLE_DEBUG_INFO = INCLUDE_SOURCE;
				MTL_FAST_MATH = YES;
				ONLY_ACTIVE_ARCH = YES;
				SDKROOT = iphoneos;
				SWIFT_ACTIVE_COMPILATION_CONDITIONS = "DEBUG $(inherited)";
				SWIFT_OPTIMIZATION_LEVEL = "-Onone";
			};
			name = Debug;
		};
		BC65FF032F36F91900AD2F7D /* Release */ = {
			isa = XCBuildConfiguration;
			buildSettings = {
				ALWAYS_SEARCH_USER_PATHS = NO;
				ASSETCATALOG_COMPILER_GENERATE_SWIFT_ASSET_SYMBOL_EXTENSIONS = YES;
				CLANG_ANALYZER_NONNULL = YES;
				CLANG_ANALYZER_NUMBER_OBJECT_CONVERSION = YES_AGGRESSIVE;
				CLANG_CXX_LANGUAGE_STANDARD = "gnu++20";
				CLANG_ENABLE_MODULES = YES;
				CLANG_ENABLE_OBJC_ARC = YES;
				CLANG_ENABLE_OBJC_WEAK = YES;
				CLANG_WARN_BLOCK_CAPTURE_AUTORELEASING = YES;
				CLANG_WARN_BOOL_CONVERSION = YES;
				CLANG_WARN_COMMA = YES;
				CLANG_WARN_CONSTANT_CONVERSION = YES;
				CLANG_WARN_DEPRECATED_OBJC_IMPLEMENTATIONS = YES;
				CLANG_WARN_DIRECT_OBJC_ISA_USAGE = YES_ERROR;
				CLANG_WARN_DOCUMENTATION_COMMENTS = YES;
				CLANG_WARN_EMPTY_BODY = YES;
				CLANG_WARN_ENUM_CONVERSION = YES;
				CLANG_WARN_INFINITE_RECURSION = YES;
				CLANG_WARN_INT_CONVERSION = YES;
				CLANG_WARN_NON_LITERAL_NULL_CONVERSION = YES;
				CLANG_WARN_OBJC_IMPLICIT_RETAIN_SELF = YES;
				CLANG_WARN_OBJC_LITERAL_CONVERSION = YES;
				CLANG_WARN_OBJC_ROOT_CLASS = YES_ERROR;
				CLANG_WARN_QUOTED_INCLUDE_IN_FRAMEWORK_HEADER = YES;
				CLANG_WARN_RANGE_LOOP_ANALYSIS = YES;
				CLANG_WARN_STRICT_PROTOTYPES = YES;
				CLANG_WARN_SUSPICIOUS_MOVE = YES;
				CLANG_WARN_UNGUARDED_AVAILABILITY = YES_AGGRESSIVE;
				CLANG_WARN_UNREACHABLE_CODE = YES;
				CLANG_WARN__DUPLICATE_METHOD_MATCH = YES;
				COPY_PHASE_STRIP = NO;
				DEBUG_INFORMATION_FORMAT = "dwarf-with-dsym";
				ENABLE_NS_ASSERTIONS = NO;
				ENABLE_STRICT_OBJC_MSGSEND = YES;
				ENABLE_USER_SCRIPT_SANDBOXING = YES;
				GCC_C_LANGUAGE_STANDARD = gnu17;
				GCC_NO_COMMON_BLOCKS = YES;
				GCC_WARN_64_TO_32_BIT_CONVERSION = YES;
				GCC_WARN_ABOUT_RETURN_TYPE = YES_ERROR;
				GCC_WARN_UNDECLARED_SELECTOR = YES;
				GCC_WARN_UNINITIALIZED_AUTOS = YES_AGGRESSIVE;
				GCC_WARN_UNUSED_FUNCTION = YES;
				GCC_WARN_UNUSED_VARIABLE = YES;
				IPHONEOS_DEPLOYMENT_TARGET = 18.5;
				LOCALIZATION_PREFERS_STRING_CATALOGS = YES;
				MTL_ENABLE_DEBUG_INFO = NO;
				MTL_FAST_MATH = YES;
				SDKROOT = iphoneos;
				SWIFT_COMPILATION_MODE = wholemodule;
				VALIDATE_PRODUCT = YES;
			};
			name = Release;
		};
		BC65FF052F36F91900AD2F7D /* Debug */ = {
			isa = XCBuildConfiguration;
			buildSettings = {
				ASSETCATALOG_COMPILER_APPICON_NAME = AppIcon;
				ASSETCATALOG_COMPILER_GLOBAL_ACCENT_COLOR_NAME = AccentColor;
				CODE_SIGN_STYLE = Automatic;
				CURRENT_PROJECT_VERSION = 1;
				ENABLE_PREVIEWS = YES;
				GENERATE_INFOPLIST_FILE = YES;
				INFOPLIST_KEY_UIApplicationSceneManifest_Generation = YES;
				INFOPLIST_KEY_UIApplicationSupportsIndirectInputEvents = YES;
				INFOPLIST_KEY_UILaunchScreen_Generation = YES;
				INFOPLIST_KEY_UISupportedInterfaceOrientations_iPad = "UIInterfaceOrientationPortrait UIInterfaceOrientationPortraitUpsideDown UIInterfaceOrientationLandscapeLeft UIInterfaceOrientationLandscapeRight";
				INFOPLIST_KEY_UISupportedInterfaceOrientations_iPhone = "UIInterfaceOrientationPortrait UIInterfaceOrientationLandscapeLeft UIInterfaceOrientationLandscapeRight";
				LD_RUNPATH_SEARCH_PATHS = (
					"$(inherited)",
					"@executable_path/Frameworks",
				);
				MARKETING_VERSION = 1.0;
				PRODUCT_BUNDLE_IDENTIFIER = axiomatic.Cribbot;
				PRODUCT_NAME = "$(TARGET_NAME)";
				SWIFT_EMIT_LOC_STRINGS = YES;
				SWIFT_VERSION = 5.0;
				TARGETED_DEVICE_FAMILY = "1,2";
			};
			name = Debug;
		};
		BC65FF062F36F91900AD2F7D /* Release */ = {
			isa = XCBuildConfiguration;
			buildSettings = {
				ASSETCATALOG_COMPILER_APPICON_NAME = AppIcon;
				ASSETCATALOG_COMPILER_GLOBAL_ACCENT_COLOR_NAME = AccentColor;
				CODE_SIGN_STYLE = Automatic;
				CURRENT_PROJECT_VERSION = 1;
				ENABLE_PREVIEWS = YES;
				GENERATE_INFOPLIST_FILE = YES;
				INFOPLIST_KEY_UIApplicationSceneManifest_Generation = YES;
				INFOPLIST_KEY_UIApplicationSupportsIndirectInputEvents = YES;
				INFOPLIST_KEY_UILaunchScreen_Generation = YES;
				INFOPLIST_KEY_UISupportedInterfaceOrientations_iPad = "UIInterfaceOrientationPortrait UIInterfaceOrientationPortraitUpsideDown UIInterfaceOrientationLandscapeLeft UIInterfaceOrientationLandscapeRight";
				INFOPLIST_KEY_UISupportedInterfaceOrientations_iPhone = "UIInterfaceOrientationPortrait UIInterfaceOrientationLandscapeLeft UIInterfaceOrientationLandscapeRight";
				LD_RUNPATH_SEARCH_PATHS = (
					"$(inherited)",
					"@executable_path/Frameworks",
				);
				MARKETING_VERSION = 1.0;
				PRODUCT_BUNDLE_IDENTIFIER = axiomatic.Cribbot;
				PRODUCT_NAME = "$(TARGET_NAME)";
				SWIFT_EMIT_LOC_STRINGS = YES;
				SWIFT_VERSION = 5.0;
				TARGETED_DEVICE_FAMILY = "1,2";
			};
			name = Release;
		};
		BC65FF082F36F91900AD2F7D /* Debug */ = {
			isa = XCBuildConfiguration;
			buildSettings = {
				BUNDLE_LOADER = "$(TEST_HOST)";
				CODE_SIGN_STYLE = Automatic;
				CURRENT_PROJECT_VERSION = 1;
				GENERATE_INFOPLIST_FILE = YES;
				IPHONEOS_DEPLOYMENT_TARGET = 18.5;
				MARKETING_VERSION = 1.0;
				PRODUCT_BUNDLE_IDENTIFIER = axiomatic.CribbotTests;
				PRODUCT_NAME = "$(TARGET_NAME)";
				SWIFT_EMIT_LOC_STRINGS = NO;
				SWIFT_VERSION = 5.0;
				TARGETED_DEVICE_FAMILY = "1,2";
				TEST_HOST = "$(BUILT_PRODUCTS_DIR)/Cribbot.app/$(BUNDLE_EXECUTABLE_FOLDER_PATH)/Cribbot";
			};
			name = Debug;
		};
		BC65FF092F36F91900AD2F7D /* Release */ = {
			isa = XCBuildConfiguration;
			buildSettings = {
				BUNDLE_LOADER = "$(TEST_HOST)";
				CODE_SIGN_STYLE = Automatic;
				CURRENT_PROJECT_VERSION = 1;
				GENERATE_INFOPLIST_FILE = YES;
				IPHONEOS_DEPLOYMENT_TARGET = 18.5;
				MARKETING_VERSION = 1.0;
				PRODUCT_BUNDLE_IDENTIFIER = axiomatic.CribbotTests;
				PRODUCT_NAME = "$(TARGET_NAME)";
				SWIFT_EMIT_LOC_STRINGS = NO;
				SWIFT_VERSION = 5.0;
				TARGETED_DEVICE_FAMILY = "1,2";
				TEST_HOST = "$(BUILT_PRODUCTS_DIR)/Cribbot.app/$(BUNDLE_EXECUTABLE_FOLDER_PATH)/Cribbot";
			};
			name = Release;
		};
		BC65FF0B2F36F91900AD2F7D /* Debug */ = {
			isa = XCBuildConfiguration;
			buildSettings = {
				CODE_SIGN_STYLE = Automatic;
				CURRENT_PROJECT_VERSION = 1;
				GENERATE_INFOPLIST_FILE = YES;
				MARKETING_VERSION = 1.0;
				PRODUCT_BUNDLE_IDENTIFIER = axiomatic.CribbotUITests;
				PRODUCT_NAME = "$(TARGET_NAME)";
				SWIFT_EMIT_LOC_STRINGS = NO;
				SWIFT_VERSION = 5.0;
				TARGETED_DEVICE_FAMILY = "1,2";
				TEST_TARGET_NAME = Cribbot;
			};
			name = Debug;
		};
		BC65FF0C2F36F91900AD2F7D /* Release */ = {
			isa = XCBuildConfiguration;
			buildSettings = {
				CODE_SIGN_STYLE = Automatic;
				CURRENT_PROJECT_VERSION = 1;
				GENERATE_INFOPLIST_FILE = YES;
				MARKETING_VERSION = 1.0;
				PRODUCT_BUNDLE_IDENTIFIER = axiomatic.CribbotUITests;
				PRODUCT_NAME = "$(TARGET_NAME)";
				SWIFT_EMIT_LOC_STRINGS = NO;
				SWIFT_VERSION = 5.0;
				TARGETED_DEVICE_FAMILY = "1,2";
				TEST_TARGET_NAME = Cribbot;
			};
			name = Release;
		};
/* End XCBuildConfiguration section */

/* Begin XCConfigurationList section */
		BC65FEDE2F36F91800AD2F7D /* Build configuration list for PBXProject "Cribbot" */ = {
			isa = XCConfigurationList;
			buildConfigurations = (
				BC65FF022F36F91900AD2F7D /* Debug */,
				BC65FF032F36F91900AD2F7D /* Release */,
			);
			defaultConfigurationIsVisible = 0;
			defaultConfigurationName = Release;
		};
		BC65FF042F36F91900AD2F7D /* Build configuration list for PBXNativeTarget "Cribbot" */ = {
			isa = XCConfigurationList;
			buildConfigurations = (
				BC65FF052F36F91900AD2F7D /* Debug */,
				BC65FF062F36F91900AD2F7D /* Release */,
			);
			defaultConfigurationIsVisible = 0;
			defaultConfigurationName = Release;
		};
		BC65FF072F36F91900AD2F7D /* Build configuration list for PBXNativeTarget "CribbotTests" */ = {
			isa = XCConfigurationList;
			buildConfigurations = (
				BC65FF082F36F91900AD2F7D /* Debug */,
				BC65FF092F36F91900AD2F7D /* Release */,
			);
			defaultConfigurationIsVisible = 0;
			defaultConfigurationName = Release;
		};
		BC65FF0A2F36F91900AD2F7D /* Build configuration list for PBXNativeTarget "CribbotUITests" */ = {
			isa = XCConfigurationList;
			buildConfigurations = (
				BC65FF0B2F36F91900AD2F7D /* Debug */,
				BC65FF0C2F36F91900AD2F7D /* Release */,
			);
			defaultConfigurationIsVisible = 0;
			defaultConfigurationName = Release;
		};
/* End XCConfigurationList section */
	};
	rootObject = BC65FEDB2F36F91800AD2F7D /* Project object */;
}
